
Microsoft Visual Studio Solution File, Format Version 12.00
# Visual Studio Version 16
VisualStudioVersion = 16.0.31729.503
MinimumVisualStudioVersion = 10.0.40219.1
Project("{9A19103F-16F7-4668-BE54-9A1E7A4F7556}") = "ArrayDemo1", "ArrayDemo1\ArrayDemo1.csproj", "{F5413DFA-B94F-4C59-B071-C6A87412EED5}"
EndProject
Project("{2150E333-8FDC-42A3-9474-1A3956D46DE8}") = "Solution Items", "Solution Items", "{F4041529-0B28-4D0C-9C26-C4E72F91DB2F}"
	ProjectSection(SolutionItems) = preProject
		.gitignore = .gitignore
	EndProjectSection
EndProject
Project("{9A19103F-16F7-4668-BE54-9A1E7A4F7556}") = "ArrayDemo2", "ArrayDemo2\ArrayDemo2.csproj", "{F7AEC9BE-B1D9-41DE-8C80-596E3BB32DAB}"
EndProject
Project("{9A19103F-16F7-4668-BE54-9A1E7A4F7556}") = "Student Database", "Student Database\Student Database.csproj", "{47BF3370-A991-4E61-91D3-9952EA28AEA3}"
EndProject
Project("{9A19103F-16F7-4668-BE54-9A1E7A4F7556}") = "StudentDatase_ExtraChallenges", "StudentDatase_ExtraChallenges\StudentDatase_ExtraChallenges.csproj", "{2F15ACE1-9FB5-49C8-8ED2-3BB955E1F308}"
EndProject
Project("{9A19103F-16F7-4668-BE54-9A1E7A4F7556}") = "StudentDatabase_FINAL", "StudentDatabase_FINAL\StudentDatabase_FINAL.csproj", "{2BBB99D1-FF99-4D16-AFCC-CC73EBB1DCB0}"
EndProject
Project("{FAE04EC0-301F-11D3-BF4B-00C04F79EFBC}") = "StudentDatabase_JeffVersion", "StudentDatabase_JeffVersion\StudentDatabase_JeffVersion.csproj", "{813A848B-3BD5-4E8A-9903-9173329BA893}"
EndProject
Project("{FAE04EC0-301F-11D3-BF4B-00C04F79EFBC}") = "SwitchDemo", "SwitchDemo\SwitchDemo.csproj", "{264FE12F-F06D-41DA-8956-ABEA06BEEA51}"
EndProject
Project("{FAE04EC0-301F-11D3-BF4B-00C04F79EFBC}") = "CollectionDemo", "CollectionDemo\CollectionDemo.csproj", "{C5399888-E3AD-44C8-B024-99FC11782C4E}"
EndProject
Project("{FAE04EC0-301F-11D3-BF4B-00C04F79EFBC}") = "DictionaryDemo", "DictionaryDemo\DictionaryDemo.csproj", "{AA9B61C9-6D88-46D8-981B-D1723E21F7CF}"
EndProject
Project("{FAE04EC0-301F-11D3-BF4B-00C04F79EFBC}") = "DictionaryDemo2", "DictionaryDemo2\DictionaryDemo2.csproj", "{F924C054-0410-44B3-9D7E-BC8D7479442B}"
EndProject
Project("{FAE04EC0-301F-11D3-BF4B-00C04F79EFBC}") = "ShoppingList", "ShoppingList\ShoppingList.csproj", "{D77281B1-76B8-479C-89B1-A08C7E4FB5E5}"
EndProject
Project("{FAE04EC0-301F-11D3-BF4B-00C04F79EFBC}") = "ShoppingList_ExtendedExercises", "ShoppingList_ExtendedExercises\ShoppingList_ExtendedExercises.csproj", "{EE8A3B62-5A57-4A38-B78B-98DA972DF54F}"
EndProject
Global
	GlobalSection(SolutionConfigurationPlatforms) = preSolution
		Debug|Any CPU = Debug|Any CPU
		Release|Any CPU = Release|Any CPU
	EndGlobalSection
	GlobalSection(ProjectConfigurationPlatforms) = postSolution
		{F5413DFA-B94F-4C59-B071-C6A87412EED5}.Debug|Any CPU.ActiveCfg = Debug|Any CPU
		{F5413DFA-B94F-4C59-B071-C6A87412EED5}.Debug|Any CPU.Build.0 = Debug|Any CPU
		{F5413DFA-B94F-4C59-B071-C6A87412EED5}.Release|Any CPU.ActiveCfg = Release|Any CPU
		{F5413DFA-B94F-4C59-B071-C6A87412EED5}.Release|Any CPU.Build.0 = Release|Any CPU
		{F7AEC9BE-B1D9-41DE-8C80-596E3BB32DAB}.Debug|Any CPU.ActiveCfg = Debug|Any CPU
		{F7AEC9BE-B1D9-41DE-8C80-596E3BB32DAB}.Debug|Any CPU.Build.0 = Debug|Any CPU
		{F7AEC9BE-B1D9-41DE-8C80-596E3BB32DAB}.Release|Any CPU.ActiveCfg = Release|Any CPU
		{F7AEC9BE-B1D9-41DE-8C80-596E3BB32DAB}.Release|Any CPU.Build.0 = Release|Any CPU
		{47BF3370-A991-4E61-91D3-9952EA28AEA3}.Debug|Any CPU.ActiveCfg = Debug|Any CPU
		{47BF3370-A991-4E61-91D3-9952EA28AEA3}.Debug|Any CPU.Build.0 = Debug|Any CPU
		{47BF3370-A991-4E61-91D3-9952EA28AEA3}.Release|Any CPU.ActiveCfg = Release|Any CPU
		{47BF3370-A991-4E61-91D3-9952EA28AEA3}.Release|Any CPU.Build.0 = Release|Any CPU
		{2F15ACE1-9FB5-49C8-8ED2-3BB955E1F308}.Debug|Any CPU.ActiveCfg = Debug|Any CPU
		{2F15ACE1-9FB5-49C8-8ED2-3BB955E1F308}.Debug|Any CPU.Build.0 = Debug|Any CPU
		{2F15ACE1-9FB5-49C8-8ED2-3BB955E1F308}.Release|Any CPU.ActiveCfg = Release|Any CPU
		{2F15ACE1-9FB5-49C8-8ED2-3BB955E1F308}.Release|Any CPU.Build.0 = Release|Any CPU
		{2BBB99D1-FF99-4D16-AFCC-CC73EBB1DCB0}.Debug|Any CPU.ActiveCfg = Debug|Any CPU
		{2BBB99D1-FF99-4D16-AFCC-CC73EBB1DCB0}.Debug|Any CPU.Build.0 = Debug|Any CPU
		{2BBB99D1-FF99-4D16-AFCC-CC73EBB1DCB0}.Release|Any CPU.ActiveCfg = Release|Any CPU
		{2BBB99D1-FF99-4D16-AFCC-CC73EBB1DCB0}.Release|Any CPU.Build.0 = Release|Any CPU
		{813A848B-3BD5-4E8A-9903-9173329BA893}.Debug|Any CPU.ActiveCfg = Debug|Any CPU
		{813A848B-3BD5-4E8A-9903-9173329BA893}.Debug|Any CPU.Build.0 = Debug|Any CPU
		{813A848B-3BD5-4E8A-9903-9173329BA893}.Release|Any CPU.ActiveCfg = Release|Any CPU
		{813A848B-3BD5-4E8A-9903-9173329BA893}.Release|Any CPU.Build.0 = Release|Any CPU
		{264FE12F-F06D-41DA-8956-ABEA06BEEA51}.Debug|Any CPU.ActiveCfg = Debug|Any CPU
		{264FE12F-F06D-41DA-8956-ABEA06BEEA51}.Debug|Any CPU.Build.0 = Debug|Any CPU
		{264FE12F-F06D-41DA-8956-ABEA06BEEA51}.Release|Any CPU.ActiveCfg = Release|Any CPU
		{264FE12F-F06D-41DA-8956-ABEA06BEEA51}.Release|Any CPU.Build.0 = Release|Any CPU
		{C5399888-E3AD-44C8-B024-99FC11782C4E}.Debug|Any CPU.ActiveCfg = Debug|Any CPU
		{C5399888-E3AD-44C8-B024-99FC11782C4E}.Debug|Any CPU.Build.0 = Debug|Any CPU
		{C5399888-E3AD-44C8-B024-99FC11782C4E}.Release|Any CPU.ActiveCfg = Release|Any CPU
		{C5399888-E3AD-44C8-B024-99FC11782C4E}.Release|Any CPU.Build.0 = Release|Any CPU
		{AA9B61C9-6D88-46D8-981B-D1723E21F7CF}.Debug|Any CPU.ActiveCfg = Debug|Any CPU
		{AA9B61C9-6D88-46D8-981B-D1723E21F7CF}.Debug|Any CPU.Build.0 = Debug|Any CPU
		{AA9B61C9-6D88-46D8-981B-D1723E21F7CF}.Release|Any CPU.ActiveCfg = Release|Any CPU
		{AA9B61C9-6D88-46D8-981B-D1723E21F7CF}.Release|Any CPU.Build.0 = Release|Any CPU
		{F924C054-0410-44B3-9D7E-BC8D7479442B}.Debug|Any CPU.ActiveCfg = Debug|Any CPU
		{F924C054-0410-44B3-9D7E-BC8D7479442B}.Debug|Any CPU.Build.0 = Debug|Any CPU
		{F924C054-0410-44B3-9D7E-BC8D7479442B}.Release|Any CPU.ActiveCfg = Release|Any CPU
		{F924C054-0410-44B3-9D7E-BC8D7479442B}.Release|Any CPU.Build.0 = Release|Any CPU
		{D77281B1-76B8-479C-89B1-A08C7E4FB5E5}.Debug|Any CPU.ActiveCfg = Debug|Any CPU
		{D77281B1-76B8-479C-89B1-A08C7E4FB5E5}.Debug|Any CPU.Build.0 = Debug|Any CPU
		{D77281B1-76B8-479C-89B1-A08C7E4FB5E5}.Release|Any CPU.ActiveCfg = Release|Any CPU
		{D77281B1-76B8-479C-89B1-A08C7E4FB5E5}.Release|Any CPU.Build.0 = Release|Any CPU
		{EE8A3B62-5A57-4A38-B78B-98DA972DF54F}.Debug|Any CPU.ActiveCfg = Debug|Any CPU
		{EE8A3B62-5A57-4A38-B78B-98DA972DF54F}.Debug|Any CPU.Build.0 = Debug|Any CPU
		{EE8A3B62-5A57-4A38-B78B-98DA972DF54F}.Release|Any CPU.ActiveCfg = Release|Any CPU
		{EE8A3B62-5A57-4A38-B78B-98DA972DF54F}.Release|Any CPU.Build.0 = Release|Any CPU
	EndGlobalSection
	GlobalSection(SolutionProperties) = preSolution
		HideSolutionNode = FALSE
	EndGlobalSection
	GlobalSection(ExtensibilityGlobals) = postSolution
		SolutionGuid = {4E12B69F-8E6B-4141-8C1A-4DA839E2CE72}
	EndGlobalSection
EndGlobal
